
Microsoft Visual Studio Solution File, Format Version 12.00
# Visual Studio Version 17
VisualStudioVersion = 17.4.33205.214
MinimumVisualStudioVersion = 10.0.40219.1
Project("{FAE04EC0-301F-11D3-BF4B-00C04F79EFBC}") = "Laba3", "Laba3\Laba3.csproj", "{DB01B5E7-A498-462E-AF6A-863D724CD75D}"
EndProject
Global
	GlobalSection(SolutionConfigurationPlatforms) = preSolution
		Debug|Any CPU = Debug|Any CPU
		Release|Any CPU = Release|Any CPU
	EndGlobalSection
	GlobalSection(ProjectConfigurationPlatforms) = postSolution
		{DB01B5E7-A498-462E-AF6A-863D724CD75D}.Debug|Any CPU.ActiveCfg = Debug|Any CPU
		{DB01B5E7-A498-462E-AF6A-863D724CD75D}.Debug|Any CPU.Build.0 = Debug|Any CPU
		{DB01B5E7-A498-462E-AF6A-863D724CD75D}.Release|Any CPU.ActiveCfg = Release|Any CPU
		{DB01B5E7-A498-462E-AF6A-863D724CD75D}.Release|Any CPU.Build.0 = Release|Any CPU
	EndGlobalSection
	GlobalSection(SolutionProperties) = preSolution
		HideSolutionNode = FALSE
	EndGlobalSection
	GlobalSection(ExtensibilityGlobals) = postSolution
		SolutionGuid = {A745E3BA-FB48-4232-B50B-AF8724424F6C}
	EndGlobalSection
EndGlobal
